// !$*UTF8*$!
{
	archiveVersion = 1;
	classes = {
	};
	objectVersion = 46;
	objects = {

/* Begin PBXBuildFile section */
		105E692C168C062F0008FD1E /* SearchMainViewController.m in Sources */ = {isa = PBXBuildFile; fileRef = 105E692B168C062F0008FD1E /* SearchMainViewController.m */; };
		105E6933168CF98E0008FD1E /* SearchDetailViewController.m in Sources */ = {isa = PBXBuildFile; fileRef = 105E6932168CF98E0008FD1E /* SearchDetailViewController.m */; };
		105E6935168CFBBF0008FD1E /* WPSearch.m in Sources */ = {isa = PBXBuildFile; fileRef = 105E6934168CFBBF0008FD1E /* WPSearch.m */; };
		4480210E168AB3360008A865 /* WPBaseViewController.m in Sources */ = {isa = PBXBuildFile; fileRef = 4480210D168AB3360008A865 /* WPBaseViewController.m */; };
		44802111168AB4100008A865 /* SearchViewController.m in Sources */ = {isa = PBXBuildFile; fileRef = 44802110168AB4100008A865 /* SearchViewController.m */; };
		44802114168AB4230008A865 /* PlacesViewController.m in Sources */ = {isa = PBXBuildFile; fileRef = 44802113168AB4230008A865 /* PlacesViewController.m */; };
		44802117168AB4330008A865 /* SettingsViewController.m in Sources */ = {isa = PBXBuildFile; fileRef = 44802116168AB4330008A865 /* SettingsViewController.m */; };
		4480211A168ABCE60008A865 /* WPTableViewController.m in Sources */ = {isa = PBXBuildFile; fileRef = 44802119168ABCE50008A865 /* WPTableViewController.m */; };
		4480211E168ACC0D0008A865 /* PlaceListViewController.m in Sources */ = {isa = PBXBuildFile; fileRef = 4480211D168ACC0D0008A865 /* PlaceListViewController.m */; };
		44802124168ACD4F0008A865 /* WPPlace.m in Sources */ = {isa = PBXBuildFile; fileRef = 44802123168ACD4F0008A865 /* WPPlace.m */; };
		44802127168ACD7C0008A865 /* WPEvent.m in Sources */ = {isa = PBXBuildFile; fileRef = 44802126168ACD7C0008A865 /* WPEvent.m */; };
		44802129168ADE3D0008A865 /* CoreLocation.framework in Frameworks */ = {isa = PBXBuildFile; fileRef = 44802128168ADE3D0008A865 /* CoreLocation.framework */; };
		4480212C168BB4E40008A865 /* PlaceDetailViewController.m in Sources */ = {isa = PBXBuildFile; fileRef = 4480212B168BB4E40008A865 /* PlaceDetailViewController.m */; };
		4480212F168BE7EA0008A865 /* WatParkViewController.m in Sources */ = {isa = PBXBuildFile; fileRef = 4480212E168BE7EA0008A865 /* WatParkViewController.m */; };
		44B2297D1683B53100E853E5 /* UIKit.framework in Frameworks */ = {isa = PBXBuildFile; fileRef = 44B2297C1683B53100E853E5 /* UIKit.framework */; };
		44B2297F1683B53100E853E5 /* Foundation.framework in Frameworks */ = {isa = PBXBuildFile; fileRef = 44B2297E1683B53100E853E5 /* Foundation.framework */; };
		44B229811683B53100E853E5 /* CoreGraphics.framework in Frameworks */ = {isa = PBXBuildFile; fileRef = 44B229801683B53100E853E5 /* CoreGraphics.framework */; };
		44B229871683B53100E853E5 /* InfoPlist.strings in Resources */ = {isa = PBXBuildFile; fileRef = 44B229851683B53100E853E5 /* InfoPlist.strings */; };
		44B229891683B53100E853E5 /* main.m in Sources */ = {isa = PBXBuildFile; fileRef = 44B229881683B53100E853E5 /* main.m */; };
		44B2298D1683B53100E853E5 /* AppDelegate.m in Sources */ = {isa = PBXBuildFile; fileRef = 44B2298C1683B53100E853E5 /* AppDelegate.m */; };
		44B229AC1683C87100E853E5 /* WPConnectionManager.m in Sources */ = {isa = PBXBuildFile; fileRef = 44B229AB1683C87100E853E5 /* WPConnectionManager.m */; };
		44B229C21683CE2900E853E5 /* AFHTTPClient.m in Sources */ = {isa = PBXBuildFile; fileRef = 44B229B01683CE2900E853E5 /* AFHTTPClient.m */; };
		44B229C31683CE2900E853E5 /* AFHTTPRequestOperation.m in Sources */ = {isa = PBXBuildFile; fileRef = 44B229B21683CE2900E853E5 /* AFHTTPRequestOperation.m */; };
		44B229C41683CE2900E853E5 /* AFImageRequestOperation.m in Sources */ = {isa = PBXBuildFile; fileRef = 44B229B41683CE2900E853E5 /* AFImageRequestOperation.m */; };
		44B229C51683CE2900E853E5 /* AFJSONRequestOperation.m in Sources */ = {isa = PBXBuildFile; fileRef = 44B229B61683CE2900E853E5 /* AFJSONRequestOperation.m */; };
		44B229C61683CE2900E853E5 /* AFNetworkActivityIndicatorManager.m in Sources */ = {isa = PBXBuildFile; fileRef = 44B229B81683CE2900E853E5 /* AFNetworkActivityIndicatorManager.m */; };
		44B229C71683CE2900E853E5 /* AFPropertyListRequestOperation.m in Sources */ = {isa = PBXBuildFile; fileRef = 44B229BB1683CE2900E853E5 /* AFPropertyListRequestOperation.m */; };
		44B229C81683CE2900E853E5 /* AFURLConnectionOperation.m in Sources */ = {isa = PBXBuildFile; fileRef = 44B229BD1683CE2900E853E5 /* AFURLConnectionOperation.m */; };
		44B229C91683CE2900E853E5 /* AFXMLRequestOperation.m in Sources */ = {isa = PBXBuildFile; fileRef = 44B229BF1683CE2900E853E5 /* AFXMLRequestOperation.m */; };
		44B229CA1683CE2900E853E5 /* UIImageView+AFNetworking.m in Sources */ = {isa = PBXBuildFile; fileRef = 44B229C11683CE2900E853E5 /* UIImageView+AFNetworking.m */; };
		44B229CC1683CF4C00E853E5 /* SystemConfiguration.framework in Frameworks */ = {isa = PBXBuildFile; fileRef = 44B229CB1683CF4C00E853E5 /* SystemConfiguration.framework */; };
		44B229CE1683CF5100E853E5 /* MobileCoreServices.framework in Frameworks */ = {isa = PBXBuildFile; fileRef = 44B229CD1683CF5000E853E5 /* MobileCoreServices.framework */; };
		44BF35BF16856CC900EEAACD /* EventsViewController.m in Sources */ = {isa = PBXBuildFile; fileRef = 44BF35BE16856CC900EEAACD /* EventsViewController.m */; };
		44CCDDC41693F0AF00E20942 /* icon57.png in Resources */ = {isa = PBXBuildFile; fileRef = 44CCDDC31693F0AF00E20942 /* icon57.png */; };
		44CCDDC61693F0C200E20942 /* icon114.png in Resources */ = {isa = PBXBuildFile; fileRef = 44CCDDC51693F0C200E20942 /* icon114.png */; };
		44CCDDEB1693F0F400E20942 /* menu_margin_bottom@2x.png in Resources */ = {isa = PBXBuildFile; fileRef = 44CCDDC71693F0F400E20942 /* menu_margin_bottom@2x.png */; };
		44CCDDEC1693F0F400E20942 /* menu_margin_only.png in Resources */ = {isa = PBXBuildFile; fileRef = 44CCDDC81693F0F400E20942 /* menu_margin_only.png */; };
		44CCDDED1693F0F400E20942 /* menu_margin_only@2x.png in Resources */ = {isa = PBXBuildFile; fileRef = 44CCDDC91693F0F400E20942 /* menu_margin_only@2x.png */; };
		44CCDDEE1693F0F400E20942 /* menu_margin_top@2x.png in Resources */ = {isa = PBXBuildFile; fileRef = 44CCDDCA1693F0F400E20942 /* menu_margin_top@2x.png */; };
		44CCDDF31693F0F400E20942 /* places_buildings.png in Resources */ = {isa = PBXBuildFile; fileRef = 44CCDDCF1693F0F400E20942 /* places_buildings.png */; };
		44CCDDF41693F0F400E20942 /* places_buildings@2x.png in Resources */ = {isa = PBXBuildFile; fileRef = 44CCDDD01693F0F400E20942 /* places_buildings@2x.png */; };
		44CCDDF51693F0F400E20942 /* places_parking.png in Resources */ = {isa = PBXBuildFile; fileRef = 44CCDDD11693F0F400E20942 /* places_parking.png */; };
		44CCDDF61693F0F400E20942 /* places_parking@2x.png in Resources */ = {isa = PBXBuildFile; fileRef = 44CCDDD21693F0F400E20942 /* places_parking@2x.png */; };
		44CCDDF71693F0F400E20942 /* places_vendors.png in Resources */ = {isa = PBXBuildFile; fileRef = 44CCDDD31693F0F400E20942 /* places_vendors.png */; };
		44CCDDF81693F0F400E20942 /* places_vendors@2x.png in Resources */ = {isa = PBXBuildFile; fileRef = 44CCDDD41693F0F400E20942 /* places_vendors@2x.png */; };
		44CCDDF91693F0F400E20942 /* places_watpark.png in Resources */ = {isa = PBXBuildFile; fileRef = 44CCDDD51693F0F400E20942 /* places_watpark.png */; };
		44CCDDFA1693F0F400E20942 /* places_watpark@2x.png in Resources */ = {isa = PBXBuildFile; fileRef = 44CCDDD61693F0F400E20942 /* places_watpark@2x.png */; };
		44CCDDFB1693F0F400E20942 /* search_course_info.png in Resources */ = {isa = PBXBuildFile; fileRef = 44CCDDD71693F0F400E20942 /* search_course_info.png */; };
		44CCDDFC1693F0F400E20942 /* search_course_info@2x.png in Resources */ = {isa = PBXBuildFile; fileRef = 44CCDDD81693F0F400E20942 /* search_course_info@2x.png */; };
		44CCDDFD1693F0F400E20942 /* search_course_schedule.png in Resources */ = {isa = PBXBuildFile; fileRef = 44CCDDD91693F0F400E20942 /* search_course_schedule.png */; };
		44CCDDFE1693F0F400E20942 /* search_course_schedule@2x.png in Resources */ = {isa = PBXBuildFile; fileRef = 44CCDDDA1693F0F400E20942 /* search_course_schedule@2x.png */; };
		44CCDDFF1693F0F400E20942 /* search_exam_schedule.png in Resources */ = {isa = PBXBuildFile; fileRef = 44CCDDDB1693F0F400E20942 /* search_exam_schedule.png */; };
		44CCDE001693F0F400E20942 /* search_exam_schedule@2x.png in Resources */ = {isa = PBXBuildFile; fileRef = 44CCDDDC1693F0F400E20942 /* search_exam_schedule@2x.png */; };
		44CCDE011693F0F400E20942 /* search_professors.png in Resources */ = {isa = PBXBuildFile; fileRef = 44CCDDDD1693F0F400E20942 /* search_professors.png */; };
		44CCDE021693F0F400E20942 /* search_professors@2x.png in Resources */ = {isa = PBXBuildFile; fileRef = 44CCDDDE1693F0F400E20942 /* search_professors@2x.png */; };
		44CCDE031693F0F400E20942 /* tabbar_bg.png in Resources */ = {isa = PBXBuildFile; fileRef = 44CCDDDF1693F0F400E20942 /* tabbar_bg.png */; };
		44CCDE041693F0F400E20942 /* tabbar_bg@2x.png in Resources */ = {isa = PBXBuildFile; fileRef = 44CCDDE01693F0F400E20942 /* tabbar_bg@2x.png */; };
		44CCDE0D1693F0F400E20942 /* table_chevron.png in Resources */ = {isa = PBXBuildFile; fileRef = 44CCDDE91693F0F400E20942 /* table_chevron.png */; };
		44CCDE0E1693F0F400E20942 /* table_chevron@2x.png in Resources */ = {isa = PBXBuildFile; fileRef = 44CCDDEA1693F0F400E20942 /* table_chevron@2x.png */; };
		44CCDE171694030D00E20942 /* navbar_bg.png in Resources */ = {isa = PBXBuildFile; fileRef = 44CCDE111694030D00E20942 /* navbar_bg.png */; };
		44CCDE181694030D00E20942 /* navbar_bg@2x.png in Resources */ = {isa = PBXBuildFile; fileRef = 44CCDE121694030D00E20942 /* navbar_bg@2x.png */; };
		44CCDE211694063D00E20942 /* navbar_title.png in Resources */ = {isa = PBXBuildFile; fileRef = 44CCDE1F1694063D00E20942 /* navbar_title.png */; };
		44CCDE221694063D00E20942 /* navbar_title@2x.png in Resources */ = {isa = PBXBuildFile; fileRef = 44CCDE201694063D00E20942 /* navbar_title@2x.png */; };
		44CCDE2516940ED300E20942 /* tabbar_selected.png in Resources */ = {isa = PBXBuildFile; fileRef = 44CCDE2316940ED300E20942 /* tabbar_selected.png */; };
		44CCDE2616940ED300E20942 /* tabbar_selected@2x.png in Resources */ = {isa = PBXBuildFile; fileRef = 44CCDE2416940ED300E20942 /* tabbar_selected@2x.png */; };
		44CCDE431694151200E20942 /* tabbar_settings_hl.png in Resources */ = {isa = PBXBuildFile; fileRef = 44CCDE331694151200E20942 /* tabbar_settings_hl.png */; };
		44CCDE441694151200E20942 /* tabbar_settings_hl@2x.png in Resources */ = {isa = PBXBuildFile; fileRef = 44CCDE341694151200E20942 /* tabbar_settings_hl@2x.png */; };
		44CCDE451694151200E20942 /* tabbar_settings.png in Resources */ = {isa = PBXBuildFile; fileRef = 44CCDE351694151200E20942 /* tabbar_settings.png */; };
		44CCDE461694151200E20942 /* tabbar_settings@2x.png in Resources */ = {isa = PBXBuildFile; fileRef = 44CCDE361694151200E20942 /* tabbar_settings@2x.png */; };
		44CCDE4D169432A200E20942 /* navbar_refresh.png in Resources */ = {isa = PBXBuildFile; fileRef = 44CCDE4B169432A200E20942 /* navbar_refresh.png */; };
		44CCDE4E169432A200E20942 /* navbar_refresh@2x.png in Resources */ = {isa = PBXBuildFile; fileRef = 44CCDE4C169432A200E20942 /* navbar_refresh@2x.png */; };
		44CCDE571694349000E20942 /* navbar_back.png in Resources */ = {isa = PBXBuildFile; fileRef = 44CCDE551694349000E20942 /* navbar_back.png */; };
		44CCDE581694349000E20942 /* navbar_back@2x.png in Resources */ = {isa = PBXBuildFile; fileRef = 44CCDE561694349000E20942 /* navbar_back@2x.png */; };
		44CCDE5B1694D68200E20942 /* WPGroupViewController.m in Sources */ = {isa = PBXBuildFile; fileRef = 44CCDE5A1694D68200E20942 /* WPGroupViewController.m */; };
		44CCDE61169515A500E20942 /* segcon_white.png in Resources */ = {isa = PBXBuildFile; fileRef = 44CCDE5F169515A400E20942 /* segcon_white.png */; };
		44CCDE62169515A500E20942 /* segcon_yellow.png in Resources */ = {isa = PBXBuildFile; fileRef = 44CCDE60169515A400E20942 /* segcon_yellow.png */; };
		44CCDE6616951A0600E20942 /* segcon_divider.png in Resources */ = {isa = PBXBuildFile; fileRef = 44CCDE6516951A0600E20942 /* segcon_divider.png */; };
		44CCDE7316951F3D00E20942 /* tabbar_events_hl.png in Resources */ = {isa = PBXBuildFile; fileRef = 44CCDE6716951F3B00E20942 /* tabbar_events_hl.png */; };
		44CCDE7416951F3D00E20942 /* tabbar_events_hl@2x.png in Resources */ = {isa = PBXBuildFile; fileRef = 44CCDE6816951F3B00E20942 /* tabbar_events_hl@2x.png */; };
		44CCDE7516951F3D00E20942 /* tabbar_events.png in Resources */ = {isa = PBXBuildFile; fileRef = 44CCDE6916951F3B00E20942 /* tabbar_events.png */; };
		44CCDE7616951F3D00E20942 /* tabbar_events@2x.png in Resources */ = {isa = PBXBuildFile; fileRef = 44CCDE6A16951F3B00E20942 /* tabbar_events@2x.png */; };
		44CCDE7716951F3D00E20942 /* tabbar_places_hl.png in Resources */ = {isa = PBXBuildFile; fileRef = 44CCDE6B16951F3C00E20942 /* tabbar_places_hl.png */; };
		44CCDE7816951F3D00E20942 /* tabbar_places_hl@2x.png in Resources */ = {isa = PBXBuildFile; fileRef = 44CCDE6C16951F3C00E20942 /* tabbar_places_hl@2x.png */; };
		44CCDE7916951F3D00E20942 /* tabbar_places.png in Resources */ = {isa = PBXBuildFile; fileRef = 44CCDE6D16951F3C00E20942 /* tabbar_places.png */; };
		44CCDE7A16951F3D00E20942 /* tabbar_places@2x.png in Resources */ = {isa = PBXBuildFile; fileRef = 44CCDE6E16951F3C00E20942 /* tabbar_places@2x.png */; };
		44CCDE7B16951F3D00E20942 /* tabbar_search_hl.png in Resources */ = {isa = PBXBuildFile; fileRef = 44CCDE6F16951F3C00E20942 /* tabbar_search_hl.png */; };
		44CCDE7C16951F3D00E20942 /* tabbar_search_hl@2x.png in Resources */ = {isa = PBXBuildFile; fileRef = 44CCDE7016951F3C00E20942 /* tabbar_search_hl@2x.png */; };
		44CCDE7D16951F3D00E20942 /* tabbar_search.png in Resources */ = {isa = PBXBuildFile; fileRef = 44CCDE7116951F3C00E20942 /* tabbar_search.png */; };
		44CCDE7E16951F3D00E20942 /* tabbar_search@2x.png in Resources */ = {isa = PBXBuildFile; fileRef = 44CCDE7216951F3D00E20942 /* tabbar_search@2x.png */; };
		44CCDE8016951FB900E20942 /* Default.png in Resources */ = {isa = PBXBuildFile; fileRef = 44CCDE7F16951FB900E20942 /* Default.png */; };
		44CCDE8216951FC200E20942 /* Default@2x.png in Resources */ = {isa = PBXBuildFile; fileRef = 44CCDE8116951FC100E20942 /* Default@2x.png */; };
		44CCDE8416951FCB00E20942 /* Default-568h@2x.png in Resources */ = {isa = PBXBuildFile; fileRef = 44CCDE8316951FCB00E20942 /* Default-568h@2x.png */; };
/* End PBXBuildFile section */

/* Begin PBXFileReference section */
		105E692A168C062F0008FD1E /* SearchMainViewController.h */ = {isa = PBXFileReference; fileEncoding = 4; lastKnownFileType = sourcecode.c.h; path = SearchMainViewController.h; sourceTree = "<group>"; };
		105E692B168C062F0008FD1E /* SearchMainViewController.m */ = {isa = PBXFileReference; fileEncoding = 4; lastKnownFileType = sourcecode.c.objc; path = SearchMainViewController.m; sourceTree = "<group>"; };
		105E692E168C1AF70008FD1E /* WPSearch.h */ = {isa = PBXFileReference; fileEncoding = 4; lastKnownFileType = sourcecode.c.h; path = WPSearch.h; sourceTree = "<group>"; };
		105E6931168CF98E0008FD1E /* SearchDetailViewController.h */ = {isa = PBXFileReference; fileEncoding = 4; lastKnownFileType = sourcecode.c.h; path = SearchDetailViewController.h; sourceTree = "<group>"; };
		105E6932168CF98E0008FD1E /* SearchDetailViewController.m */ = {isa = PBXFileReference; fileEncoding = 4; lastKnownFileType = sourcecode.c.objc; path = SearchDetailViewController.m; sourceTree = "<group>"; };
		105E6934168CFBBF0008FD1E /* WPSearch.m */ = {isa = PBXFileReference; fileEncoding = 4; lastKnownFileType = sourcecode.c.objc; path = WPSearch.m; sourceTree = "<group>"; };
		4480210A168AB0370008A865 /* Constants.h */ = {isa = PBXFileReference; fileEncoding = 4; lastKnownFileType = sourcecode.c.h; path = Constants.h; sourceTree = "<group>"; };
		4480210C168AB3360008A865 /* WPBaseViewController.h */ = {isa = PBXFileReference; fileEncoding = 4; lastKnownFileType = sourcecode.c.h; path = WPBaseViewController.h; sourceTree = "<group>"; };
		4480210D168AB3360008A865 /* WPBaseViewController.m */ = {isa = PBXFileReference; fileEncoding = 4; lastKnownFileType = sourcecode.c.objc; path = WPBaseViewController.m; sourceTree = "<group>"; };
		4480210F168AB4100008A865 /* SearchViewController.h */ = {isa = PBXFileReference; fileEncoding = 4; lastKnownFileType = sourcecode.c.h; path = SearchViewController.h; sourceTree = "<group>"; };
		44802110168AB4100008A865 /* SearchViewController.m */ = {isa = PBXFileReference; fileEncoding = 4; lastKnownFileType = sourcecode.c.objc; path = SearchViewController.m; sourceTree = "<group>"; };
		44802112168AB4220008A865 /* PlacesViewController.h */ = {isa = PBXFileReference; fileEncoding = 4; lastKnownFileType = sourcecode.c.h; path = PlacesViewController.h; sourceTree = "<group>"; };
		44802113168AB4230008A865 /* PlacesViewController.m */ = {isa = PBXFileReference; fileEncoding = 4; lastKnownFileType = sourcecode.c.objc; path = PlacesViewController.m; sourceTree = "<group>"; };
		44802115168AB4330008A865 /* SettingsViewController.h */ = {isa = PBXFileReference; fileEncoding = 4; lastKnownFileType = sourcecode.c.h; path = SettingsViewController.h; sourceTree = "<group>"; };
		44802116168AB4330008A865 /* SettingsViewController.m */ = {isa = PBXFileReference; fileEncoding = 4; lastKnownFileType = sourcecode.c.objc; path = SettingsViewController.m; sourceTree = "<group>"; };
		44802118168ABCE50008A865 /* WPTableViewController.h */ = {isa = PBXFileReference; fileEncoding = 4; lastKnownFileType = sourcecode.c.h; path = WPTableViewController.h; sourceTree = "<group>"; };
		44802119168ABCE50008A865 /* WPTableViewController.m */ = {isa = PBXFileReference; fileEncoding = 4; lastKnownFileType = sourcecode.c.objc; path = WPTableViewController.m; sourceTree = "<group>"; };
		4480211C168ACC0D0008A865 /* PlaceListViewController.h */ = {isa = PBXFileReference; fileEncoding = 4; lastKnownFileType = sourcecode.c.h; path = PlaceListViewController.h; sourceTree = "<group>"; };
		4480211D168ACC0D0008A865 /* PlaceListViewController.m */ = {isa = PBXFileReference; fileEncoding = 4; lastKnownFileType = sourcecode.c.objc; path = PlaceListViewController.m; sourceTree = "<group>"; };
		44802122168ACD4F0008A865 /* WPPlace.h */ = {isa = PBXFileReference; fileEncoding = 4; lastKnownFileType = sourcecode.c.h; path = WPPlace.h; sourceTree = "<group>"; };
		44802123168ACD4F0008A865 /* WPPlace.m */ = {isa = PBXFileReference; fileEncoding = 4; lastKnownFileType = sourcecode.c.objc; path = WPPlace.m; sourceTree = "<group>"; };
		44802125168ACD7C0008A865 /* WPEvent.h */ = {isa = PBXFileReference; fileEncoding = 4; lastKnownFileType = sourcecode.c.h; path = WPEvent.h; sourceTree = "<group>"; };
		44802126168ACD7C0008A865 /* WPEvent.m */ = {isa = PBXFileReference; fileEncoding = 4; lastKnownFileType = sourcecode.c.objc; path = WPEvent.m; sourceTree = "<group>"; };
		44802128168ADE3D0008A865 /* CoreLocation.framework */ = {isa = PBXFileReference; lastKnownFileType = wrapper.framework; name = CoreLocation.framework; path = System/Library/Frameworks/CoreLocation.framework; sourceTree = SDKROOT; };
		4480212A168BB4E40008A865 /* PlaceDetailViewController.h */ = {isa = PBXFileReference; fileEncoding = 4; lastKnownFileType = sourcecode.c.h; path = PlaceDetailViewController.h; sourceTree = "<group>"; };
		4480212B168BB4E40008A865 /* PlaceDetailViewController.m */ = {isa = PBXFileReference; fileEncoding = 4; lastKnownFileType = sourcecode.c.objc; path = PlaceDetailViewController.m; sourceTree = "<group>"; };
		4480212D168BE7EA0008A865 /* WatParkViewController.h */ = {isa = PBXFileReference; fileEncoding = 4; lastKnownFileType = sourcecode.c.h; path = WatParkViewController.h; sourceTree = "<group>"; };
		4480212E168BE7EA0008A865 /* WatParkViewController.m */ = {isa = PBXFileReference; fileEncoding = 4; lastKnownFileType = sourcecode.c.objc; path = WatParkViewController.m; sourceTree = "<group>"; };
		44B229781683B53100E853E5 /* Waterproof.app */ = {isa = PBXFileReference; explicitFileType = wrapper.application; includeInIndex = 0; path = Waterproof.app; sourceTree = BUILT_PRODUCTS_DIR; };
		44B2297C1683B53100E853E5 /* UIKit.framework */ = {isa = PBXFileReference; lastKnownFileType = wrapper.framework; name = UIKit.framework; path = System/Library/Frameworks/UIKit.framework; sourceTree = SDKROOT; };
		44B2297E1683B53100E853E5 /* Foundation.framework */ = {isa = PBXFileReference; lastKnownFileType = wrapper.framework; name = Foundation.framework; path = System/Library/Frameworks/Foundation.framework; sourceTree = SDKROOT; };
		44B229801683B53100E853E5 /* CoreGraphics.framework */ = {isa = PBXFileReference; lastKnownFileType = wrapper.framework; name = CoreGraphics.framework; path = System/Library/Frameworks/CoreGraphics.framework; sourceTree = SDKROOT; };
		44B229841683B53100E853E5 /* Waterproof-Info.plist */ = {isa = PBXFileReference; lastKnownFileType = text.plist.xml; path = "Waterproof-Info.plist"; sourceTree = "<group>"; };
		44B229861683B53100E853E5 /* en */ = {isa = PBXFileReference; lastKnownFileType = text.plist.strings; name = en; path = en.lproj/InfoPlist.strings; sourceTree = "<group>"; };
		44B229881683B53100E853E5 /* main.m */ = {isa = PBXFileReference; lastKnownFileType = sourcecode.c.objc; path = main.m; sourceTree = "<group>"; };
		44B2298A1683B53100E853E5 /* Waterproof-Prefix.pch */ = {isa = PBXFileReference; lastKnownFileType = sourcecode.c.h; path = "Waterproof-Prefix.pch"; sourceTree = "<group>"; };
		44B2298B1683B53100E853E5 /* AppDelegate.h */ = {isa = PBXFileReference; lastKnownFileType = sourcecode.c.h; path = AppDelegate.h; sourceTree = "<group>"; };
		44B2298C1683B53100E853E5 /* AppDelegate.m */ = {isa = PBXFileReference; lastKnownFileType = sourcecode.c.objc; path = AppDelegate.m; sourceTree = "<group>"; };
		44B2298E1683B53100E853E5 /* Default.png */ = {isa = PBXFileReference; lastKnownFileType = image.png; path = Default.png; sourceTree = "<group>"; };
		44B229901683B53100E853E5 /* Default@2x.png */ = {isa = PBXFileReference; lastKnownFileType = image.png; path = "Default@2x.png"; sourceTree = "<group>"; };
		44B229921683B53100E853E5 /* Default-568h@2x.png */ = {isa = PBXFileReference; lastKnownFileType = image.png; path = "Default-568h@2x.png"; sourceTree = "<group>"; };
		44B229AA1683C87100E853E5 /* WPConnectionManager.h */ = {isa = PBXFileReference; fileEncoding = 4; lastKnownFileType = sourcecode.c.h; path = WPConnectionManager.h; sourceTree = "<group>"; };
		44B229AB1683C87100E853E5 /* WPConnectionManager.m */ = {isa = PBXFileReference; fileEncoding = 4; lastKnownFileType = sourcecode.c.objc; path = WPConnectionManager.m; sourceTree = "<group>"; };
		44B229AF1683CE2900E853E5 /* AFHTTPClient.h */ = {isa = PBXFileReference; fileEncoding = 4; lastKnownFileType = sourcecode.c.h; path = AFHTTPClient.h; sourceTree = "<group>"; };
		44B229B01683CE2900E853E5 /* AFHTTPClient.m */ = {isa = PBXFileReference; fileEncoding = 4; lastKnownFileType = sourcecode.c.objc; path = AFHTTPClient.m; sourceTree = "<group>"; };
		44B229B11683CE2900E853E5 /* AFHTTPRequestOperation.h */ = {isa = PBXFileReference; fileEncoding = 4; lastKnownFileType = sourcecode.c.h; path = AFHTTPRequestOperation.h; sourceTree = "<group>"; };
		44B229B21683CE2900E853E5 /* AFHTTPRequestOperation.m */ = {isa = PBXFileReference; fileEncoding = 4; lastKnownFileType = sourcecode.c.objc; path = AFHTTPRequestOperation.m; sourceTree = "<group>"; };
		44B229B31683CE2900E853E5 /* AFImageRequestOperation.h */ = {isa = PBXFileReference; fileEncoding = 4; lastKnownFileType = sourcecode.c.h; path = AFImageRequestOperation.h; sourceTree = "<group>"; };
		44B229B41683CE2900E853E5 /* AFImageRequestOperation.m */ = {isa = PBXFileReference; fileEncoding = 4; lastKnownFileType = sourcecode.c.objc; path = AFImageRequestOperation.m; sourceTree = "<group>"; };
		44B229B51683CE2900E853E5 /* AFJSONRequestOperation.h */ = {isa = PBXFileReference; fileEncoding = 4; lastKnownFileType = sourcecode.c.h; path = AFJSONRequestOperation.h; sourceTree = "<group>"; };
		44B229B61683CE2900E853E5 /* AFJSONRequestOperation.m */ = {isa = PBXFileReference; fileEncoding = 4; lastKnownFileType = sourcecode.c.objc; path = AFJSONRequestOperation.m; sourceTree = "<group>"; };
		44B229B71683CE2900E853E5 /* AFNetworkActivityIndicatorManager.h */ = {isa = PBXFileReference; fileEncoding = 4; lastKnownFileType = sourcecode.c.h; path = AFNetworkActivityIndicatorManager.h; sourceTree = "<group>"; };
		44B229B81683CE2900E853E5 /* AFNetworkActivityIndicatorManager.m */ = {isa = PBXFileReference; fileEncoding = 4; lastKnownFileType = sourcecode.c.objc; path = AFNetworkActivityIndicatorManager.m; sourceTree = "<group>"; };
		44B229B91683CE2900E853E5 /* AFNetworking.h */ = {isa = PBXFileReference; fileEncoding = 4; lastKnownFileType = sourcecode.c.h; path = AFNetworking.h; sourceTree = "<group>"; };
		44B229BA1683CE2900E853E5 /* AFPropertyListRequestOperation.h */ = {isa = PBXFileReference; fileEncoding = 4; lastKnownFileType = sourcecode.c.h; path = AFPropertyListRequestOperation.h; sourceTree = "<group>"; };
		44B229BB1683CE2900E853E5 /* AFPropertyListRequestOperation.m */ = {isa = PBXFileReference; fileEncoding = 4; lastKnownFileType = sourcecode.c.objc; path = AFPropertyListRequestOperation.m; sourceTree = "<group>"; };
		44B229BC1683CE2900E853E5 /* AFURLConnectionOperation.h */ = {isa = PBXFileReference; fileEncoding = 4; lastKnownFileType = sourcecode.c.h; path = AFURLConnectionOperation.h; sourceTree = "<group>"; };
		44B229BD1683CE2900E853E5 /* AFURLConnectionOperation.m */ = {isa = PBXFileReference; fileEncoding = 4; lastKnownFileType = sourcecode.c.objc; path = AFURLConnectionOperation.m; sourceTree = "<group>"; };
		44B229BE1683CE2900E853E5 /* AFXMLRequestOperation.h */ = {isa = PBXFileReference; fileEncoding = 4; lastKnownFileType = sourcecode.c.h; path = AFXMLRequestOperation.h; sourceTree = "<group>"; };
		44B229BF1683CE2900E853E5 /* AFXMLRequestOperation.m */ = {isa = PBXFileReference; fileEncoding = 4; lastKnownFileType = sourcecode.c.objc; path = AFXMLRequestOperation.m; sourceTree = "<group>"; };
		44B229C01683CE2900E853E5 /* UIImageView+AFNetworking.h */ = {isa = PBXFileReference; fileEncoding = 4; lastKnownFileType = sourcecode.c.h; path = "UIImageView+AFNetworking.h"; sourceTree = "<group>"; };
		44B229C11683CE2900E853E5 /* UIImageView+AFNetworking.m */ = {isa = PBXFileReference; fileEncoding = 4; lastKnownFileType = sourcecode.c.objc; path = "UIImageView+AFNetworking.m"; sourceTree = "<group>"; };
		44B229CB1683CF4C00E853E5 /* SystemConfiguration.framework */ = {isa = PBXFileReference; lastKnownFileType = wrapper.framework; name = SystemConfiguration.framework; path = System/Library/Frameworks/SystemConfiguration.framework; sourceTree = SDKROOT; };
		44B229CD1683CF5000E853E5 /* MobileCoreServices.framework */ = {isa = PBXFileReference; lastKnownFileType = wrapper.framework; name = MobileCoreServices.framework; path = System/Library/Frameworks/MobileCoreServices.framework; sourceTree = SDKROOT; };
		44BF35BD16856CC900EEAACD /* EventsViewController.h */ = {isa = PBXFileReference; fileEncoding = 4; lastKnownFileType = sourcecode.c.h; path = EventsViewController.h; sourceTree = "<group>"; };
		44BF35BE16856CC900EEAACD /* EventsViewController.m */ = {isa = PBXFileReference; fileEncoding = 4; lastKnownFileType = sourcecode.c.objc; path = EventsViewController.m; sourceTree = "<group>"; };
		44CCDDC31693F0AF00E20942 /* icon57.png */ = {isa = PBXFileReference; lastKnownFileType = image.png; name = icon57.png; path = ../../icon57.png; sourceTree = "<group>"; };
		44CCDDC51693F0C200E20942 /* icon114.png */ = {isa = PBXFileReference; lastKnownFileType = image.png; name = icon114.png; path = ../../icon114.png; sourceTree = "<group>"; };
		44CCDDC71693F0F400E20942 /* menu_margin_bottom@2x.png */ = {isa = PBXFileReference; lastKnownFileType = image.png; path = "menu_margin_bottom@2x.png"; sourceTree = "<group>"; };
		44CCDDC81693F0F400E20942 /* menu_margin_only.png */ = {isa = PBXFileReference; lastKnownFileType = image.png; path = menu_margin_only.png; sourceTree = "<group>"; };
		44CCDDC91693F0F400E20942 /* menu_margin_only@2x.png */ = {isa = PBXFileReference; lastKnownFileType = image.png; path = "menu_margin_only@2x.png"; sourceTree = "<group>"; };
		44CCDDCA1693F0F400E20942 /* menu_margin_top@2x.png */ = {isa = PBXFileReference; lastKnownFileType = image.png; path = "menu_margin_top@2x.png"; sourceTree = "<group>"; };
		44CCDDCF1693F0F400E20942 /* places_buildings.png */ = {isa = PBXFileReference; lastKnownFileType = image.png; path = places_buildings.png; sourceTree = "<group>"; };
		44CCDDD01693F0F400E20942 /* places_buildings@2x.png */ = {isa = PBXFileReference; lastKnownFileType = image.png; path = "places_buildings@2x.png"; sourceTree = "<group>"; };
		44CCDDD11693F0F400E20942 /* places_parking.png */ = {isa = PBXFileReference; lastKnownFileType = image.png; path = places_parking.png; sourceTree = "<group>"; };
		44CCDDD21693F0F400E20942 /* places_parking@2x.png */ = {isa = PBXFileReference; lastKnownFileType = image.png; path = "places_parking@2x.png"; sourceTree = "<group>"; };
		44CCDDD31693F0F400E20942 /* places_vendors.png */ = {isa = PBXFileReference; lastKnownFileType = image.png; path = places_vendors.png; sourceTree = "<group>"; };
		44CCDDD41693F0F400E20942 /* places_vendors@2x.png */ = {isa = PBXFileReference; lastKnownFileType = image.png; path = "places_vendors@2x.png"; sourceTree = "<group>"; };
		44CCDDD51693F0F400E20942 /* places_watpark.png */ = {isa = PBXFileReference; lastKnownFileType = image.png; path = places_watpark.png; sourceTree = "<group>"; };
		44CCDDD61693F0F400E20942 /* places_watpark@2x.png */ = {isa = PBXFileReference; lastKnownFileType = image.png; path = "places_watpark@2x.png"; sourceTree = "<group>"; };
		44CCDDD71693F0F400E20942 /* search_course_info.png */ = {isa = PBXFileReference; lastKnownFileType = image.png; path = search_course_info.png; sourceTree = "<group>"; };
		44CCDDD81693F0F400E20942 /* search_course_info@2x.png */ = {isa = PBXFileReference; lastKnownFileType = image.png; path = "search_course_info@2x.png"; sourceTree = "<group>"; };
		44CCDDD91693F0F400E20942 /* search_course_schedule.png */ = {isa = PBXFileReference; lastKnownFileType = image.png; path = search_course_schedule.png; sourceTree = "<group>"; };
		44CCDDDA1693F0F400E20942 /* search_course_schedule@2x.png */ = {isa = PBXFileReference; lastKnownFileType = image.png; path = "search_course_schedule@2x.png"; sourceTree = "<group>"; };
		44CCDDDB1693F0F400E20942 /* search_exam_schedule.png */ = {isa = PBXFileReference; lastKnownFileType = image.png; path = search_exam_schedule.png; sourceTree = "<group>"; };
		44CCDDDC1693F0F400E20942 /* search_exam_schedule@2x.png */ = {isa = PBXFileReference; lastKnownFileType = image.png; path = "search_exam_schedule@2x.png"; sourceTree = "<group>"; };
		44CCDDDD1693F0F400E20942 /* search_professors.png */ = {isa = PBXFileReference; lastKnownFileType = image.png; path = search_professors.png; sourceTree = "<group>"; };
		44CCDDDE1693F0F400E20942 /* search_professors@2x.png */ = {isa = PBXFileReference; lastKnownFileType = image.png; path = "search_professors@2x.png"; sourceTree = "<group>"; };
		44CCDDDF1693F0F400E20942 /* tabbar_bg.png */ = {isa = PBXFileReference; lastKnownFileType = image.png; path = tabbar_bg.png; sourceTree = "<group>"; };
		44CCDDE01693F0F400E20942 /* tabbar_bg@2x.png */ = {isa = PBXFileReference; lastKnownFileType = image.png; path = "tabbar_bg@2x.png"; sourceTree = "<group>"; };
		44CCDDE91693F0F400E20942 /* table_chevron.png */ = {isa = PBXFileReference; lastKnownFileType = image.png; path = table_chevron.png; sourceTree = "<group>"; };
		44CCDDEA1693F0F400E20942 /* table_chevron@2x.png */ = {isa = PBXFileReference; lastKnownFileType = image.png; path = "table_chevron@2x.png"; sourceTree = "<group>"; };
		44CCDE111694030D00E20942 /* navbar_bg.png */ = {isa = PBXFileReference; lastKnownFileType = image.png; path = navbar_bg.png; sourceTree = "<group>"; };
		44CCDE121694030D00E20942 /* navbar_bg@2x.png */ = {isa = PBXFileReference; lastKnownFileType = image.png; path = "navbar_bg@2x.png"; sourceTree = "<group>"; };
		44CCDE1F1694063D00E20942 /* navbar_title.png */ = {isa = PBXFileReference; lastKnownFileType = image.png; path = navbar_title.png; sourceTree = "<group>"; };
		44CCDE201694063D00E20942 /* navbar_title@2x.png */ = {isa = PBXFileReference; lastKnownFileType = image.png; path = "navbar_title@2x.png"; sourceTree = "<group>"; };
		44CCDE2316940ED300E20942 /* tabbar_selected.png */ = {isa = PBXFileReference; lastKnownFileType = image.png; path = tabbar_selected.png; sourceTree = "<group>"; };
		44CCDE2416940ED300E20942 /* tabbar_selected@2x.png */ = {isa = PBXFileReference; lastKnownFileType = image.png; path = "tabbar_selected@2x.png"; sourceTree = "<group>"; };
		44CCDE331694151200E20942 /* tabbar_settings_hl.png */ = {isa = PBXFileReference; lastKnownFileType = image.png; path = tabbar_settings_hl.png; sourceTree = "<group>"; };
		44CCDE341694151200E20942 /* tabbar_settings_hl@2x.png */ = {isa = PBXFileReference; lastKnownFileType = image.png; path = "tabbar_settings_hl@2x.png"; sourceTree = "<group>"; };
		44CCDE351694151200E20942 /* tabbar_settings.png */ = {isa = PBXFileReference; lastKnownFileType = image.png; path = tabbar_settings.png; sourceTree = "<group>"; };
		44CCDE361694151200E20942 /* tabbar_settings@2x.png */ = {isa = PBXFileReference; lastKnownFileType = image.png; path = "tabbar_settings@2x.png"; sourceTree = "<group>"; };
		44CCDE4B169432A200E20942 /* navbar_refresh.png */ = {isa = PBXFileReference; lastKnownFileType = image.png; path = navbar_refresh.png; sourceTree = "<group>"; };
		44CCDE4C169432A200E20942 /* navbar_refresh@2x.png */ = {isa = PBXFileReference; lastKnownFileType = image.png; path = "navbar_refresh@2x.png"; sourceTree = "<group>"; };
		44CCDE551694349000E20942 /* navbar_back.png */ = {isa = PBXFileReference; lastKnownFileType = image.png; path = navbar_back.png; sourceTree = "<group>"; };
		44CCDE561694349000E20942 /* navbar_back@2x.png */ = {isa = PBXFileReference; lastKnownFileType = image.png; path = "navbar_back@2x.png"; sourceTree = "<group>"; };
		44CCDE591694D68200E20942 /* WPGroupViewController.h */ = {isa = PBXFileReference; fileEncoding = 4; lastKnownFileType = sourcecode.c.h; path = WPGroupViewController.h; sourceTree = "<group>"; };
		44CCDE5A1694D68200E20942 /* WPGroupViewController.m */ = {isa = PBXFileReference; fileEncoding = 4; lastKnownFileType = sourcecode.c.objc; path = WPGroupViewController.m; sourceTree = "<group>"; };
		44CCDE5F169515A400E20942 /* segcon_white.png */ = {isa = PBXFileReference; lastKnownFileType = image.png; path = segcon_white.png; sourceTree = "<group>"; };
		44CCDE60169515A400E20942 /* segcon_yellow.png */ = {isa = PBXFileReference; lastKnownFileType = image.png; path = segcon_yellow.png; sourceTree = "<group>"; };
		44CCDE6516951A0600E20942 /* segcon_divider.png */ = {isa = PBXFileReference; lastKnownFileType = image.png; path = segcon_divider.png; sourceTree = "<group>"; };
		44CCDE6716951F3B00E20942 /* tabbar_events_hl.png */ = {isa = PBXFileReference; lastKnownFileType = image.png; path = tabbar_events_hl.png; sourceTree = "<group>"; };
		44CCDE6816951F3B00E20942 /* tabbar_events_hl@2x.png */ = {isa = PBXFileReference; lastKnownFileType = image.png; path = "tabbar_events_hl@2x.png"; sourceTree = "<group>"; };
		44CCDE6916951F3B00E20942 /* tabbar_events.png */ = {isa = PBXFileReference; lastKnownFileType = image.png; path = tabbar_events.png; sourceTree = "<group>"; };
		44CCDE6A16951F3B00E20942 /* tabbar_events@2x.png */ = {isa = PBXFileReference; lastKnownFileType = image.png; path = "tabbar_events@2x.png"; sourceTree = "<group>"; };
		44CCDE6B16951F3C00E20942 /* tabbar_places_hl.png */ = {isa = PBXFileReference; lastKnownFileType = image.png; path = tabbar_places_hl.png; sourceTree = "<group>"; };
		44CCDE6C16951F3C00E20942 /* tabbar_places_hl@2x.png */ = {isa = PBXFileReference; lastKnownFileType = image.png; path = "tabbar_places_hl@2x.png"; sourceTree = "<group>"; };
		44CCDE6D16951F3C00E20942 /* tabbar_places.png */ = {isa = PBXFileReference; lastKnownFileType = image.png; path = tabbar_places.png; sourceTree = "<group>"; };
		44CCDE6E16951F3C00E20942 /* tabbar_places@2x.png */ = {isa = PBXFileReference; lastKnownFileType = image.png; path = "tabbar_places@2x.png"; sourceTree = "<group>"; };
		44CCDE6F16951F3C00E20942 /* tabbar_search_hl.png */ = {isa = PBXFileReference; lastKnownFileType = image.png; path = tabbar_search_hl.png; sourceTree = "<group>"; };
		44CCDE7016951F3C00E20942 /* tabbar_search_hl@2x.png */ = {isa = PBXFileReference; lastKnownFileType = image.png; path = "tabbar_search_hl@2x.png"; sourceTree = "<group>"; };
		44CCDE7116951F3C00E20942 /* tabbar_search.png */ = {isa = PBXFileReference; lastKnownFileType = image.png; path = tabbar_search.png; sourceTree = "<group>"; };
		44CCDE7216951F3D00E20942 /* tabbar_search@2x.png */ = {isa = PBXFileReference; lastKnownFileType = image.png; path = "tabbar_search@2x.png"; sourceTree = "<group>"; };
		44CCDE7F16951FB900E20942 /* Default.png */ = {isa = PBXFileReference; lastKnownFileType = image.png; name = Default.png; path = ../../Default.png; sourceTree = "<group>"; };
		44CCDE8116951FC100E20942 /* Default@2x.png */ = {isa = PBXFileReference; lastKnownFileType = image.png; name = "Default@2x.png"; path = "../../Default@2x.png"; sourceTree = "<group>"; };
		44CCDE8316951FCB00E20942 /* Default-568h@2x.png */ = {isa = PBXFileReference; lastKnownFileType = image.png; name = "Default-568h@2x.png"; path = "../../Default-568h@2x.png"; sourceTree = "<group>"; };
/* End PBXFileReference section */

/* Begin PBXFrameworksBuildPhase section */
		44B229751683B53100E853E5 /* Frameworks */ = {
			isa = PBXFrameworksBuildPhase;
			buildActionMask = 2147483647;
			files = (
				44802129168ADE3D0008A865 /* CoreLocation.framework in Frameworks */,
				44B229CE1683CF5100E853E5 /* MobileCoreServices.framework in Frameworks */,
				44B229CC1683CF4C00E853E5 /* SystemConfiguration.framework in Frameworks */,
				44B2297D1683B53100E853E5 /* UIKit.framework in Frameworks */,
				44B2297F1683B53100E853E5 /* Foundation.framework in Frameworks */,
				44B229811683B53100E853E5 /* CoreGraphics.framework in Frameworks */,
			);
			runOnlyForDeploymentPostprocessing = 0;
		};
/* End PBXFrameworksBuildPhase section */

/* Begin PBXGroup section */
		4480211B168ACB720008A865 /* Places */ = {
			isa = PBXGroup;
			children = (
				44802112168AB4220008A865 /* PlacesViewController.h */,
				44802113168AB4230008A865 /* PlacesViewController.m */,
				4480211C168ACC0D0008A865 /* PlaceListViewController.h */,
				4480211D168ACC0D0008A865 /* PlaceListViewController.m */,
				4480212A168BB4E40008A865 /* PlaceDetailViewController.h */,
				4480212B168BB4E40008A865 /* PlaceDetailViewController.m */,
				44802122168ACD4F0008A865 /* WPPlace.h */,
				44802123168ACD4F0008A865 /* WPPlace.m */,
				4480212D168BE7EA0008A865 /* WatParkViewController.h */,
				4480212E168BE7EA0008A865 /* WatParkViewController.m */,
			);
			name = Places;
			sourceTree = "<group>";
		};
		4480211F168ACC970008A865 /* Events */ = {
			isa = PBXGroup;
			children = (
				44BF35BD16856CC900EEAACD /* EventsViewController.h */,
				44BF35BE16856CC900EEAACD /* EventsViewController.m */,
				44802125168ACD7C0008A865 /* WPEvent.h */,
				44802126168ACD7C0008A865 /* WPEvent.m */,
			);
			name = Events;
			sourceTree = "<group>";
		};
		44802120168ACCC60008A865 /* Search */ = {
			isa = PBXGroup;
			children = (
				4480210F168AB4100008A865 /* SearchViewController.h */,
				44802110168AB4100008A865 /* SearchViewController.m */,
				105E692A168C062F0008FD1E /* SearchMainViewController.h */,
				105E692B168C062F0008FD1E /* SearchMainViewController.m */,
				105E6931168CF98E0008FD1E /* SearchDetailViewController.h */,
				105E6932168CF98E0008FD1E /* SearchDetailViewController.m */,
				105E692E168C1AF70008FD1E /* WPSearch.h */,
				105E6934168CFBBF0008FD1E /* WPSearch.m */,
			);
			name = Search;
			sourceTree = "<group>";
		};
		44802121168ACCD80008A865 /* Settings */ = {
			isa = PBXGroup;
			children = (
				44802115168AB4330008A865 /* SettingsViewController.h */,
				44802116168AB4330008A865 /* SettingsViewController.m */,
			);
			name = Settings;
			sourceTree = "<group>";
		};
		44B2296D1683B53100E853E5 = {
			isa = PBXGroup;
			children = (
				44B229821683B53100E853E5 /* Waterproof */,
				44B2297B1683B53100E853E5 /* Frameworks */,
				44B229791683B53100E853E5 /* Products */,
			);
			sourceTree = "<group>";
		};
		44B229791683B53100E853E5 /* Products */ = {
			isa = PBXGroup;
			children = (
				44B229781683B53100E853E5 /* Waterproof.app */,
			);
			name = Products;
			sourceTree = "<group>";
		};
		44B2297B1683B53100E853E5 /* Frameworks */ = {
			isa = PBXGroup;
			children = (
				44802128168ADE3D0008A865 /* CoreLocation.framework */,
				44B229CD1683CF5000E853E5 /* MobileCoreServices.framework */,
				44B229CB1683CF4C00E853E5 /* SystemConfiguration.framework */,
				44B2297C1683B53100E853E5 /* UIKit.framework */,
				44B2297E1683B53100E853E5 /* Foundation.framework */,
				44B229801683B53100E853E5 /* CoreGraphics.framework */,
			);
			name = Frameworks;
			sourceTree = "<group>";
		};
		44B229821683B53100E853E5 /* Waterproof */ = {
			isa = PBXGroup;
			children = (
				44B229AD1683CDDC00E853E5 /* External Sources */,
				44B229831683B53100E853E5 /* Supporting Files */,
				44BF35C916856F2C00EEAACD /* Assets */,
				4480210A168AB0370008A865 /* Constants.h */,
				44B229AA1683C87100E853E5 /* WPConnectionManager.h */,
				44B229AB1683C87100E853E5 /* WPConnectionManager.m */,
				44B2299F1683B76900E853E5 /* Base Classes */,
				44BF35BC16856BDB00EEAACD /* Components */,
				44B2298B1683B53100E853E5 /* AppDelegate.h */,
				44B2298C1683B53100E853E5 /* AppDelegate.m */,
			);
			path = Waterproof;
			sourceTree = "<group>";
		};
		44B229831683B53100E853E5 /* Supporting Files */ = {
			isa = PBXGroup;
			children = (
				44B229841683B53100E853E5 /* Waterproof-Info.plist */,
				44B229851683B53100E853E5 /* InfoPlist.strings */,
				44B229881683B53100E853E5 /* main.m */,
				44B2298A1683B53100E853E5 /* Waterproof-Prefix.pch */,
				44B2298E1683B53100E853E5 /* Default.png */,
				44B229901683B53100E853E5 /* Default@2x.png */,
				44B229921683B53100E853E5 /* Default-568h@2x.png */,
			);
			name = "Supporting Files";
			sourceTree = "<group>";
		};
		44B2299F1683B76900E853E5 /* Base Classes */ = {
			isa = PBXGroup;
			children = (
				4480210C168AB3360008A865 /* WPBaseViewController.h */,
				4480210D168AB3360008A865 /* WPBaseViewController.m */,
				44802118168ABCE50008A865 /* WPTableViewController.h */,
				44802119168ABCE50008A865 /* WPTableViewController.m */,
				44CCDE591694D68200E20942 /* WPGroupViewController.h */,
				44CCDE5A1694D68200E20942 /* WPGroupViewController.m */,
			);
			name = "Base Classes";
			sourceTree = "<group>";
		};
		44B229AD1683CDDC00E853E5 /* External Sources */ = {
			isa = PBXGroup;
			children = (
				44B229AE1683CE2900E853E5 /* AFNetworking */,
			);
			path = "External Sources";
			sourceTree = "<group>";
		};
		44B229AE1683CE2900E853E5 /* AFNetworking */ = {
			isa = PBXGroup;
			children = (
				44B229AF1683CE2900E853E5 /* AFHTTPClient.h */,
				44B229B01683CE2900E853E5 /* AFHTTPClient.m */,
				44B229B11683CE2900E853E5 /* AFHTTPRequestOperation.h */,
				44B229B21683CE2900E853E5 /* AFHTTPRequestOperation.m */,
				44B229B31683CE2900E853E5 /* AFImageRequestOperation.h */,
				44B229B41683CE2900E853E5 /* AFImageRequestOperation.m */,
				44B229B51683CE2900E853E5 /* AFJSONRequestOperation.h */,
				44B229B61683CE2900E853E5 /* AFJSONRequestOperation.m */,
				44B229B71683CE2900E853E5 /* AFNetworkActivityIndicatorManager.h */,
				44B229B81683CE2900E853E5 /* AFNetworkActivityIndicatorManager.m */,
				44B229B91683CE2900E853E5 /* AFNetworking.h */,
				44B229BA1683CE2900E853E5 /* AFPropertyListRequestOperation.h */,
				44B229BB1683CE2900E853E5 /* AFPropertyListRequestOperation.m */,
				44B229BC1683CE2900E853E5 /* AFURLConnectionOperation.h */,
				44B229BD1683CE2900E853E5 /* AFURLConnectionOperation.m */,
				44B229BE1683CE2900E853E5 /* AFXMLRequestOperation.h */,
				44B229BF1683CE2900E853E5 /* AFXMLRequestOperation.m */,
				44B229C01683CE2900E853E5 /* UIImageView+AFNetworking.h */,
				44B229C11683CE2900E853E5 /* UIImageView+AFNetworking.m */,
			);
			path = AFNetworking;
			sourceTree = "<group>";
		};
		44BF35BC16856BDB00EEAACD /* Components */ = {
			isa = PBXGroup;
			children = (
				4480211F168ACC970008A865 /* Events */,
				44802120168ACCC60008A865 /* Search */,
				4480211B168ACB720008A865 /* Places */,
				44802121168ACCD80008A865 /* Settings */,
			);
			path = Components;
			sourceTree = "<group>";
		};
		44BF35C916856F2C00EEAACD /* Assets */ = {
			isa = PBXGroup;
			children = (
				44CCDE8316951FCB00E20942 /* Default-568h@2x.png */,
				44CCDE8116951FC100E20942 /* Default@2x.png */,
				44CCDE7F16951FB900E20942 /* Default.png */,
				44CCDE6716951F3B00E20942 /* tabbar_events_hl.png */,
				44CCDE6816951F3B00E20942 /* tabbar_events_hl@2x.png */,
				44CCDE6916951F3B00E20942 /* tabbar_events.png */,
				44CCDE6A16951F3B00E20942 /* tabbar_events@2x.png */,
				44CCDE6B16951F3C00E20942 /* tabbar_places_hl.png */,
				44CCDE6C16951F3C00E20942 /* tabbar_places_hl@2x.png */,
				44CCDE6D16951F3C00E20942 /* tabbar_places.png */,
				44CCDE6E16951F3C00E20942 /* tabbar_places@2x.png */,
				44CCDE6F16951F3C00E20942 /* tabbar_search_hl.png */,
				44CCDE7016951F3C00E20942 /* tabbar_search_hl@2x.png */,
				44CCDE7116951F3C00E20942 /* tabbar_search.png */,
				44CCDE7216951F3D00E20942 /* tabbar_search@2x.png */,
				44CCDE6516951A0600E20942 /* segcon_divider.png */,
				44CCDE5F169515A400E20942 /* segcon_white.png */,
				44CCDE60169515A400E20942 /* segcon_yellow.png */,
				44CCDE551694349000E20942 /* navbar_back.png */,
				44CCDE561694349000E20942 /* navbar_back@2x.png */,
				44CCDE4B169432A200E20942 /* navbar_refresh.png */,
				44CCDE4C169432A200E20942 /* navbar_refresh@2x.png */,
				44CCDE331694151200E20942 /* tabbar_settings_hl.png */,
				44CCDE341694151200E20942 /* tabbar_settings_hl@2x.png */,
				44CCDE351694151200E20942 /* tabbar_settings.png */,
				44CCDE361694151200E20942 /* tabbar_settings@2x.png */,
				44CCDE2316940ED300E20942 /* tabbar_selected.png */,
				44CCDE2416940ED300E20942 /* tabbar_selected@2x.png */,
				44CCDE1F1694063D00E20942 /* navbar_title.png */,
				44CCDE201694063D00E20942 /* navbar_title@2x.png */,
				44CCDE111694030D00E20942 /* navbar_bg.png */,
				44CCDE121694030D00E20942 /* navbar_bg@2x.png */,
				44CCDDC71693F0F400E20942 /* menu_margin_bottom@2x.png */,
				44CCDDC81693F0F400E20942 /* menu_margin_only.png */,
				44CCDDC91693F0F400E20942 /* menu_margin_only@2x.png */,
				44CCDDCA1693F0F400E20942 /* menu_margin_top@2x.png */,
				44CCDDCF1693F0F400E20942 /* places_buildings.png */,
				44CCDDD01693F0F400E20942 /* places_buildings@2x.png */,
				44CCDDD11693F0F400E20942 /* places_parking.png */,
				44CCDDD21693F0F400E20942 /* places_parking@2x.png */,
				44CCDDD31693F0F400E20942 /* places_vendors.png */,
				44CCDDD41693F0F400E20942 /* places_vendors@2x.png */,
				44CCDDD51693F0F400E20942 /* places_watpark.png */,
				44CCDDD61693F0F400E20942 /* places_watpark@2x.png */,
				44CCDDD71693F0F400E20942 /* search_course_info.png */,
				44CCDDD81693F0F400E20942 /* search_course_info@2x.png */,
				44CCDDD91693F0F400E20942 /* search_course_schedule.png */,
				44CCDDDA1693F0F400E20942 /* search_course_schedule@2x.png */,
				44CCDDDB1693F0F400E20942 /* search_exam_schedule.png */,
				44CCDDDC1693F0F400E20942 /* search_exam_schedule@2x.png */,
				44CCDDDD1693F0F400E20942 /* search_professors.png */,
				44CCDDDE1693F0F400E20942 /* search_professors@2x.png */,
				44CCDDDF1693F0F400E20942 /* tabbar_bg.png */,
				44CCDDE01693F0F400E20942 /* tabbar_bg@2x.png */,
				44CCDDE91693F0F400E20942 /* table_chevron.png */,
				44CCDDEA1693F0F400E20942 /* table_chevron@2x.png */,
				44CCDDC51693F0C200E20942 /* icon114.png */,
				44CCDDC31693F0AF00E20942 /* icon57.png */,
			);
			path = Assets;
			sourceTree = "<group>";
		};
/* End PBXGroup section */

/* Begin PBXNativeTarget section */
		44B229771683B53100E853E5 /* Waterproof */ = {
			isa = PBXNativeTarget;
			buildConfigurationList = 44B2299C1683B53100E853E5 /* Build configuration list for PBXNativeTarget "Waterproof" */;
			buildPhases = (
				44B229741683B53100E853E5 /* Sources */,
				44B229751683B53100E853E5 /* Frameworks */,
				44B229761683B53100E853E5 /* Resources */,
			);
			buildRules = (
			);
			dependencies = (
			);
			name = Waterproof;
			productName = Waterproof;
			productReference = 44B229781683B53100E853E5 /* Waterproof.app */;
			productType = "com.apple.product-type.application";
		};
/* End PBXNativeTarget section */

/* Begin PBXProject section */
		44B2296F1683B53100E853E5 /* Project object */ = {
			isa = PBXProject;
			attributes = {
				LastUpgradeCheck = 0450;
				ORGANIZATIONNAME = Kokkiri;
			};
			buildConfigurationList = 44B229721683B53100E853E5 /* Build configuration list for PBXProject "Waterproof" */;
			compatibilityVersion = "Xcode 3.2";
			developmentRegion = English;
			hasScannedForEncodings = 0;
			knownRegions = (
				en,
			);
			mainGroup = 44B2296D1683B53100E853E5;
			productRefGroup = 44B229791683B53100E853E5 /* Products */;
			projectDirPath = "";
			projectRoot = "";
			targets = (
				44B229771683B53100E853E5 /* Waterproof */,
			);
		};
/* End PBXProject section */

/* Begin PBXResourcesBuildPhase section */
		44B229761683B53100E853E5 /* Resources */ = {
			isa = PBXResourcesBuildPhase;
			buildActionMask = 2147483647;
			files = (
				44B229871683B53100E853E5 /* InfoPlist.strings in Resources */,
				44CCDDC41693F0AF00E20942 /* icon57.png in Resources */,
				44CCDDC61693F0C200E20942 /* icon114.png in Resources */,
				44CCDDEB1693F0F400E20942 /* menu_margin_bottom@2x.png in Resources */,
				44CCDDEC1693F0F400E20942 /* menu_margin_only.png in Resources */,
				44CCDDED1693F0F400E20942 /* menu_margin_only@2x.png in Resources */,
				44CCDDEE1693F0F400E20942 /* menu_margin_top@2x.png in Resources */,
				44CCDDF31693F0F400E20942 /* places_buildings.png in Resources */,
				44CCDDF41693F0F400E20942 /* places_buildings@2x.png in Resources */,
				44CCDDF51693F0F400E20942 /* places_parking.png in Resources */,
				44CCDDF61693F0F400E20942 /* places_parking@2x.png in Resources */,
				44CCDDF71693F0F400E20942 /* places_vendors.png in Resources */,
				44CCDDF81693F0F400E20942 /* places_vendors@2x.png in Resources */,
				44CCDDF91693F0F400E20942 /* places_watpark.png in Resources */,
				44CCDDFA1693F0F400E20942 /* places_watpark@2x.png in Resources */,
				44CCDDFB1693F0F400E20942 /* search_course_info.png in Resources */,
				44CCDDFC1693F0F400E20942 /* search_course_info@2x.png in Resources */,
				44CCDDFD1693F0F400E20942 /* search_course_schedule.png in Resources */,
				44CCDDFE1693F0F400E20942 /* search_course_schedule@2x.png in Resources */,
				44CCDDFF1693F0F400E20942 /* search_exam_schedule.png in Resources */,
				44CCDE001693F0F400E20942 /* search_exam_schedule@2x.png in Resources */,
				44CCDE011693F0F400E20942 /* search_professors.png in Resources */,
				44CCDE021693F0F400E20942 /* search_professors@2x.png in Resources */,
				44CCDE031693F0F400E20942 /* tabbar_bg.png in Resources */,
				44CCDE041693F0F400E20942 /* tabbar_bg@2x.png in Resources */,
				44CCDE0D1693F0F400E20942 /* table_chevron.png in Resources */,
				44CCDE0E1693F0F400E20942 /* table_chevron@2x.png in Resources */,
				44CCDE171694030D00E20942 /* navbar_bg.png in Resources */,
				44CCDE181694030D00E20942 /* navbar_bg@2x.png in Resources */,
				44CCDE211694063D00E20942 /* navbar_title.png in Resources */,
				44CCDE221694063D00E20942 /* navbar_title@2x.png in Resources */,
				44CCDE2516940ED300E20942 /* tabbar_selected.png in Resources */,
				44CCDE2616940ED300E20942 /* tabbar_selected@2x.png in Resources */,
				44CCDE431694151200E20942 /* tabbar_settings_hl.png in Resources */,
				44CCDE441694151200E20942 /* tabbar_settings_hl@2x.png in Resources */,
				44CCDE451694151200E20942 /* tabbar_settings.png in Resources */,
				44CCDE461694151200E20942 /* tabbar_settings@2x.png in Resources */,
				44CCDE4D169432A200E20942 /* navbar_refresh.png in Resources */,
				44CCDE4E169432A200E20942 /* navbar_refresh@2x.png in Resources */,
				44CCDE571694349000E20942 /* navbar_back.png in Resources */,
				44CCDE581694349000E20942 /* navbar_back@2x.png in Resources */,
				44CCDE61169515A500E20942 /* segcon_white.png in Resources */,
				44CCDE62169515A500E20942 /* segcon_yellow.png in Resources */,
				44CCDE6616951A0600E20942 /* segcon_divider.png in Resources */,
				44CCDE7316951F3D00E20942 /* tabbar_events_hl.png in Resources */,
				44CCDE7416951F3D00E20942 /* tabbar_events_hl@2x.png in Resources */,
				44CCDE7516951F3D00E20942 /* tabbar_events.png in Resources */,
				44CCDE7616951F3D00E20942 /* tabbar_events@2x.png in Resources */,
				44CCDE7716951F3D00E20942 /* tabbar_places_hl.png in Resources */,
				44CCDE7816951F3D00E20942 /* tabbar_places_hl@2x.png in Resources */,
				44CCDE7916951F3D00E20942 /* tabbar_places.png in Resources */,
				44CCDE7A16951F3D00E20942 /* tabbar_places@2x.png in Resources */,
				44CCDE7B16951F3D00E20942 /* tabbar_search_hl.png in Resources */,
				44CCDE7C16951F3D00E20942 /* tabbar_search_hl@2x.png in Resources */,
				44CCDE7D16951F3D00E20942 /* tabbar_search.png in Resources */,
				44CCDE7E16951F3D00E20942 /* tabbar_search@2x.png in Resources */,
				44CCDE8016951FB900E20942 /* Default.png in Resources */,
				44CCDE8216951FC200E20942 /* Default@2x.png in Resources */,
				44CCDE8416951FCB00E20942 /* Default-568h@2x.png in Resources */,
			);
			runOnlyForDeploymentPostprocessing = 0;
		};
/* End PBXResourcesBuildPhase section */

/* Begin PBXSourcesBuildPhase section */
		44B229741683B53100E853E5 /* Sources */ = {
			isa = PBXSourcesBuildPhase;
			buildActionMask = 2147483647;
			files = (
				44B229891683B53100E853E5 /* main.m in Sources */,
				44B2298D1683B53100E853E5 /* AppDelegate.m in Sources */,
				44B229AC1683C87100E853E5 /* WPConnectionManager.m in Sources */,
				44B229C21683CE2900E853E5 /* AFHTTPClient.m in Sources */,
				44B229C31683CE2900E853E5 /* AFHTTPRequestOperation.m in Sources */,
				44B229C41683CE2900E853E5 /* AFImageRequestOperation.m in Sources */,
				44B229C51683CE2900E853E5 /* AFJSONRequestOperation.m in Sources */,
				44B229C61683CE2900E853E5 /* AFNetworkActivityIndicatorManager.m in Sources */,
				44B229C71683CE2900E853E5 /* AFPropertyListRequestOperation.m in Sources */,
				44B229C81683CE2900E853E5 /* AFURLConnectionOperation.m in Sources */,
				44B229C91683CE2900E853E5 /* AFXMLRequestOperation.m in Sources */,
				44B229CA1683CE2900E853E5 /* UIImageView+AFNetworking.m in Sources */,
				44BF35BF16856CC900EEAACD /* EventsViewController.m in Sources */,
				4480210E168AB3360008A865 /* WPBaseViewController.m in Sources */,
				44802111168AB4100008A865 /* SearchViewController.m in Sources */,
				44802114168AB4230008A865 /* PlacesViewController.m in Sources */,
				44802117168AB4330008A865 /* SettingsViewController.m in Sources */,
				4480211A168ABCE60008A865 /* WPTableViewController.m in Sources */,
				4480211E168ACC0D0008A865 /* PlaceListViewController.m in Sources */,
				44802124168ACD4F0008A865 /* WPPlace.m in Sources */,
				44802127168ACD7C0008A865 /* WPEvent.m in Sources */,
				4480212C168BB4E40008A865 /* PlaceDetailViewController.m in Sources */,
				4480212F168BE7EA0008A865 /* WatParkViewController.m in Sources */,
				105E692C168C062F0008FD1E /* SearchMainViewController.m in Sources */,
				105E6933168CF98E0008FD1E /* SearchDetailViewController.m in Sources */,
				105E6935168CFBBF0008FD1E /* WPSearch.m in Sources */,
				44CCDE5B1694D68200E20942 /* WPGroupViewController.m in Sources */,
			);
			runOnlyForDeploymentPostprocessing = 0;
		};
/* End PBXSourcesBuildPhase section */

/* Begin PBXVariantGroup section */
		44B229851683B53100E853E5 /* InfoPlist.strings */ = {
			isa = PBXVariantGroup;
			children = (
				44B229861683B53100E853E5 /* en */,
			);
			name = InfoPlist.strings;
			sourceTree = "<group>";
		};
/* End PBXVariantGroup section */

/* Begin XCBuildConfiguration section */
		44B2299A1683B53100E853E5 /* Debug */ = {
			isa = XCBuildConfiguration;
			buildSettings = {
				ALWAYS_SEARCH_USER_PATHS = NO;
				CLANG_CXX_LANGUAGE_STANDARD = "gnu++0x";
				CLANG_CXX_LIBRARY = "libc++";
				CLANG_ENABLE_OBJC_ARC = YES;
				CLANG_WARN_EMPTY_BODY = YES;
				CLANG_WARN__DUPLICATE_METHOD_MATCH = YES;
				"CODE_SIGN_IDENTITY[sdk=iphoneos*]" = "iPhone Developer";
				COPY_PHASE_STRIP = NO;
				GCC_C_LANGUAGE_STANDARD = gnu99;
				GCC_DYNAMIC_NO_PIC = NO;
				GCC_OPTIMIZATION_LEVEL = 0;
				GCC_PREPROCESSOR_DEFINITIONS = (
					"DEBUG=1",
					"$(inherited)",
				);
				GCC_SYMBOLS_PRIVATE_EXTERN = NO;
				GCC_WARN_ABOUT_RETURN_TYPE = YES;
				GCC_WARN_UNINITIALIZED_AUTOS = YES;
				GCC_WARN_UNUSED_VARIABLE = YES;
				IPHONEOS_DEPLOYMENT_TARGET = 6.0;
				ONLY_ACTIVE_ARCH = YES;
				SDKROOT = iphoneos;
			};
			name = Debug;
		};
		44B2299B1683B53100E853E5 /* Release */ = {
			isa = XCBuildConfiguration;
			buildSettings = {
				ALWAYS_SEARCH_USER_PATHS = NO;
				CLANG_CXX_LANGUAGE_STANDARD = "gnu++0x";
				CLANG_CXX_LIBRARY = "libc++";
				CLANG_ENABLE_OBJC_ARC = YES;
				CLANG_WARN_EMPTY_BODY = YES;
				CLANG_WARN__DUPLICATE_METHOD_MATCH = YES;
				"CODE_SIGN_IDENTITY[sdk=iphoneos*]" = "iPhone Developer";
				COPY_PHASE_STRIP = YES;
				GCC_C_LANGUAGE_STANDARD = gnu99;
				GCC_WARN_ABOUT_RETURN_TYPE = YES;
				GCC_WARN_UNINITIALIZED_AUTOS = YES;
				GCC_WARN_UNUSED_VARIABLE = YES;
				IPHONEOS_DEPLOYMENT_TARGET = 6.0;
				OTHER_CFLAGS = "-DNS_BLOCK_ASSERTIONS=1";
				SDKROOT = iphoneos;
				VALIDATE_PRODUCT = YES;
			};
			name = Release;
		};
		44B2299D1683B53100E853E5 /* Debug */ = {
			isa = XCBuildConfiguration;
			buildSettings = {
				CLANG_ENABLE_OBJC_ARC = YES;
				GCC_PRECOMPILE_PREFIX_HEADER = YES;
				GCC_PREFIX_HEADER = "Waterproof/Waterproof-Prefix.pch";
				INFOPLIST_FILE = "Waterproof/Waterproof-Info.plist";
				PRODUCT_NAME = "$(TARGET_NAME)";
				TARGETED_DEVICE_FAMILY = 1;
				WRAPPER_EXTENSION = app;
			};
			name = Debug;
		};
		44B2299E1683B53100E853E5 /* Release */ = {
			isa = XCBuildConfiguration;
			buildSettings = {
				CLANG_ENABLE_OBJC_ARC = YES;
				GCC_PRECOMPILE_PREFIX_HEADER = YES;
				GCC_PREFIX_HEADER = "Waterproof/Waterproof-Prefix.pch";
				INFOPLIST_FILE = "Waterproof/Waterproof-Info.plist";
				PRODUCT_NAME = "$(TARGET_NAME)";
				TARGETED_DEVICE_FAMILY = 1;
				WRAPPER_EXTENSION = app;
			};
			name = Release;
		};
/* End XCBuildConfiguration section */

/* Begin XCConfigurationList section */
		44B229721683B53100E853E5 /* Build configuration list for PBXProject "Waterproof" */ = {
			isa = XCConfigurationList;
			buildConfigurations = (
				44B2299A1683B53100E853E5 /* Debug */,
				44B2299B1683B53100E853E5 /* Release */,
			);
			defaultConfigurationIsVisible = 0;
			defaultConfigurationName = Release;
		};
		44B2299C1683B53100E853E5 /* Build configuration list for PBXNativeTarget "Waterproof" */ = {
			isa = XCConfigurationList;
			buildConfigurations = (
				44B2299D1683B53100E853E5 /* Debug */,
				44B2299E1683B53100E853E5 /* Release */,
			);
			defaultConfigurationIsVisible = 0;
			defaultConfigurationName = Release;
		};
/* End XCConfigurationList section */
	};
	rootObject = 44B2296F1683B53100E853E5 /* Project object */;
}
